
Microsoft Visual Studio Solution File, Format Version 12.00
# Visual Studio Version 17
VisualStudioVersion = 17.5.002.0
MinimumVisualStudioVersion = 10.0.40219.1
Project("{9A19103F-16F7-4668-BE54-9A1E7A4F7556}") = "FrontendBlazor", "FrontendBlazor.csproj", "{7A2D686F-A91B-4E77-9C4B-CDC327921B5C}"
EndProject
Global
	GlobalSection(SolutionConfigurationPlatforms) = preSolution
		Debug|Any CPU = Debug|Any CPU
		Release|Any CPU = Release|Any CPU
	EndGlobalSection
	GlobalSection(ProjectConfigurationPlatforms) = postSolution
		{7A2D686F-A91B-4E77-9C4B-CDC327921B5C}.Debug|Any CPU.ActiveCfg = Debug|Any CPU
		{7A2D686F-A91B-4E77-9C4B-CDC327921B5C}.Debug|Any CPU.Build.0 = Debug|Any CPU
		{7A2D686F-A91B-4E77-9C4B-CDC327921B5C}.Release|Any CPU.ActiveCfg = Release|Any CPU
		{7A2D686F-A91B-4E77-9C4B-CDC327921B5C}.Release|Any CPU.Build.0 = Release|Any CPU
	EndGlobalSection
	GlobalSection(SolutionProperties) = preSolution
		HideSolutionNode = FALSE
	EndGlobalSection
	GlobalSection(ExtensibilityGlobals) = postSolution
		SolutionGuid = {D1F1CF9F-E6CF-4CAA-B5D8-B2631ED7EB8F}
	EndGlobalSection
EndGlobal
